
Microsoft Visual Studio Solution File, Format Version 12.00
# Visual Studio Version 17
VisualStudioVersion = 17.7.34031.279
MinimumVisualStudioVersion = 10.0.40219.1
Project("{FAE04EC0-301F-11D3-BF4B-00C04F79EFBC}") = "Schools", "Schools\Schools.csproj", "{FCF53595-DE88-4110-883F-084EC18BF733}"
EndProject
Project("{FAE04EC0-301F-11D3-BF4B-00C04F79EFBC}") = "SchoolTest", "SchoolTest\SchoolTest.csproj", "{EEB9F81C-DF2E-4735-9A65-65E6A5E8026C}"
EndProject
Global
	GlobalSection(SolutionConfigurationPlatforms) = preSolution
		Debug|Any CPU = Debug|Any CPU
		Release|Any CPU = Release|Any CPU
	EndGlobalSection
	GlobalSection(ProjectConfigurationPlatforms) = postSolution
		{FCF53595-DE88-4110-883F-084EC18BF733}.Debug|Any CPU.ActiveCfg = Debug|Any CPU
		{FCF53595-DE88-4110-883F-084EC18BF733}.Debug|Any CPU.Build.0 = Debug|Any CPU
		{FCF53595-DE88-4110-883F-084EC18BF733}.Release|Any CPU.ActiveCfg = Release|Any CPU
		{FCF53595-DE88-4110-883F-084EC18BF733}.Release|Any CPU.Build.0 = Release|Any CPU
		{EEB9F81C-DF2E-4735-9A65-65E6A5E8026C}.Debug|Any CPU.ActiveCfg = Debug|Any CPU
		{EEB9F81C-DF2E-4735-9A65-65E6A5E8026C}.Debug|Any CPU.Build.0 = Debug|Any CPU
		{EEB9F81C-DF2E-4735-9A65-65E6A5E8026C}.Release|Any CPU.ActiveCfg = Release|Any CPU
		{EEB9F81C-DF2E-4735-9A65-65E6A5E8026C}.Release|Any CPU.Build.0 = Release|Any CPU
	EndGlobalSection
	GlobalSection(SolutionProperties) = preSolution
		HideSolutionNode = FALSE
	EndGlobalSection
	GlobalSection(ExtensibilityGlobals) = postSolution
		SolutionGuid = {682CCD54-330E-4D92-A93C-AE9EA5670C71}
	EndGlobalSection
EndGlobal
